<?xml version="1.0" encoding="utf-8"?>
<Project ToolsVersion="4.0" xmlns="http://schemas.microsoft.com/developer/msbuild/2003">
  <ItemGroup>
    <Filter Include="Archivos de origen">
      <UniqueIdentifier>{4FC737F1-C7A5-4376-A066-2A32D752A2FF}</UniqueIdentifier>
      <Extensions>cpp;c;cc;cxx;c++;cppm;ixx;def;odl;idl;hpj;bat;asm;asmx</Extensions>
    </Filter>
    <Filter Include="Archivos de encabezado">
      <UniqueIdentifier>{93995380-89BD-4b04-88EB-625FBE52EBFB}</UniqueIdentifier>
      <Extensions>h;hh;hpp;hxx;h++;hm;inl;inc;ipp;xsd</Extensions>
    </Filter>
    <Filter Include="Archivos de recursos">
      <UniqueIdentifier>{67DA6AB6-F800-4c08-8B7A-83BB121AAD01}</UniqueIdentifier>
      <Extensions>rc;ico;cur;bmp;dlg;rc2;rct;bin;rgs;gif;jpg;jpeg;jpe;resx;tiff;tif;png;wav;mfcribbon-ms</Extensions>
    </Filter>
  </ItemGroup>
  <ItemGroup>
    <ClCompile Include="VentanaPrincipal.cpp">
      <Filter>Archivos de origen</Filter>
    </ClCompile>
    <ClCompile Include="ArbolBB.cpp">
      <Filter>Archivos de origen</Filter>
    </ClCompile>
    <ClCompile Include="ArbolAVL.cpp">
      <Filter>Archivos de origen</Filter>
    </ClCompile>
    <ClCompile Include="ArbolB.cpp">
      <Filter>Archivos de origen</Filter>
    </ClCompile>
    <ClCompile Include="ArbolRN.cpp">
      <Filter>Archivos de origen</Filter>
    </ClCompile>
    <ClCompile Include="ArbolAA.cpp">
      <Filter>Archivos de origen</Filter>
    </ClCompile>
    <ClCompile Include="Cliente.cpp">
      <Filter>Archivos de origen</Filter>
    </ClCompile>
    <ClCompile Include="Sucursal.cpp">
      <Filter>Archivos de origen</Filter>
    </ClCompile>
  </ItemGroup>
  <ItemGroup>
    <ClInclude Include="VentanaPrincipal.h">
      <Filter>Archivos de encabezado</Filter>
    </ClInclude>
    <ClInclude Include="AgregarPais.h">
      <Filter>Archivos de encabezado</Filter>
    </ClInclude>
    <ClInclude Include="AgregarCiudad.h">
      <Filter>Archivos de encabezado</Filter>
    </ClInclude>
    <ClInclude Include="AgregarCliente.h">
      <Filter>Archivos de encabezado</Filter>
    </ClInclude>
    <ClInclude Include="AgregarMascota.h">
      <Filter>Archivos de encabezado</Filter>
    </ClInclude>
    <ClInclude Include="AgregarVisita.h">
      <Filter>Archivos de encabezado</Filter>
    </ClInclude>
    <ClInclude Include="AgregarTratamiento.h">
      <Filter>Archivos de encabezado</Filter>
    </ClInclude>
    <ClInclude Include="AgregarMedicacion.h">
      <Filter>Archivos de encabezado</Filter>
    </ClInclude>
    <ClInclude Include="ModificarPais.h">
      <Filter>Archivos de encabezado</Filter>
    </ClInclude>
    <ClInclude Include="ModificarCiudad.h">
      <Filter>Archivos de encabezado</Filter>
    </ClInclude>
    <ClInclude Include="ModificarCliente.h">
      <Filter>Archivos de encabezado</Filter>
    </ClInclude>
    <ClInclude Include="ModificarVisita.h">
      <Filter>Archivos de encabezado</Filter>
    </ClInclude>
    <ClInclude Include="ModificarMedicacion.h">
      <Filter>Archivos de encabezado</Filter>
    </ClInclude>
    <ClInclude Include="ModificarTratamiento.h">
      <Filter>Archivos de encabezado</Filter>
    </ClInclude>
    <ClInclude Include="ModificarMascota.h">
      <Filter>Archivos de encabezado</Filter>
    </ClInclude>
    <ClInclude Include="ConsultarPais.h">
      <Filter>Archivos de encabezado</Filter>
    </ClInclude>
    <ClInclude Include="ConsultarCiudad.h">
      <Filter>Archivos de encabezado</Filter>
    </ClInclude>
    <ClInclude Include="ConsultarCliente.h">
      <Filter>Archivos de encabezado</Filter>
    </ClInclude>
    <ClInclude Include="ConsultarMascota.h">
      <Filter>Archivos de encabezado</Filter>
    </ClInclude>
    <ClInclude Include="ConsultarTratamiento.h">
      <Filter>Archivos de encabezado</Filter>
    </ClInclude>
    <ClInclude Include="ConsultarVisita.h">
      <Filter>Archivos de encabezado</Filter>
    </ClInclude>
    <ClInclude Include="ConsultarMedicacion.h">
      <Filter>Archivos de encabezado</Filter>
    </ClInclude>
    <ClInclude Include="EliminarPais.h">
      <Filter>Archivos de encabezado</Filter>
    </ClInclude>
    <ClInclude Include="EliminarCiudad.h">
      <Filter>Archivos de encabezado</Filter>
    </ClInclude>
    <ClInclude Include="EliminarCliente.h">
      <Filter>Archivos de encabezado</Filter>
    </ClInclude>
    <ClInclude Include="EliminarVisita.h">
      <Filter>Archivos de encabezado</Filter>
    </ClInclude>
    <ClInclude Include="EliminarTratamiento.h">
      <Filter>Archivos de encabezado</Filter>
    </ClInclude>
    <ClInclude Include="EliminarMedicacion.h">
      <Filter>Archivos de encabezado</Filter>
    </ClInclude>
    <ClInclude Include="EliminarMascota.h">
      <Filter>Archivos de encabezado</Filter>
    </ClInclude>
    <ClInclude Include="AcercaDe.h">
      <Filter>Archivos de encabezado</Filter>
    </ClInclude>
    <ClInclude Include="Contacto.h">
      <Filter>Archivos de encabezado</Filter>
    </ClInclude>
    <ClInclude Include="OpcionesLugares.h">
      <Filter>Archivos de encabezado</Filter>
    </ClInclude>
    <ClInclude Include="OpcionesClinica.h">
      <Filter>Archivos de encabezado</Filter>
    </ClInclude>
    <ClInclude Include="OpcionesCliente.h">
      <Filter>Archivos de encabezado</Filter>
    </ClInclude>
    <ClInclude Include="OpcionesFacturacion.h">
      <Filter>Archivos de encabezado</Filter>
    </ClInclude>
    <ClInclude Include="OpcionesSucursal.h">
      <Filter>Archivos de encabezado</Filter>
    </ClInclude>
    <ClInclude Include="OpcionesLugaresCiudad.h">
      <Filter>Archivos de encabezado</Filter>
    </ClInclude>
    <ClInclude Include="OpcionesClinicaMedicacion.h">
      <Filter>Archivos de encabezado</Filter>
    </ClInclude>
    <ClInclude Include="OpcionesClienteMascota.h">
      <Filter>Archivos de encabezado</Filter>
    </ClInclude>
    <ClInclude Include="OpcionesClienteVisita.h">
      <Filter>Archivos de encabezado</Filter>
    </ClInclude>
    <ClInclude Include="OpcionesFacturacionDescuento.h">
      <Filter>Archivos de encabezado</Filter>
    </ClInclude>
    <ClInclude Include="OpcionesFacturacionSaldo.h">
      <Filter>Archivos de encabezado</Filter>
    </ClInclude>
    <ClInclude Include="OpcionesSucursalDijkstra.h">
      <Filter>Archivos de encabezado</Filter>
    </ClInclude>
    <ClInclude Include="OpcionesSucursalPrim.h">
      <Filter>Archivos de encabezado</Filter>
    </ClInclude>
    <ClInclude Include="OpcionesSucursalKruskal.h">
      <Filter>Archivos de encabezado</Filter>
    </ClInclude>
    <ClInclude Include="OpcionesSucursalPuntosArt.h">
      <Filter>Archivos de encabezado</Filter>
    </ClInclude>
    <ClInclude Include="OpcionesSucursalCamino.h">
      <Filter>Archivos de encabezado</Filter>
    </ClInclude>
    <ClInclude Include="OpcionesSucursalGrado.h">
      <Filter>Archivos de encabezado</Filter>
    </ClInclude>
    <ClInclude Include="OpcionesLugaresPais.h">
      <Filter>Archivos de encabezado</Filter>
    </ClInclude>
    <ClInclude Include="OpcionesClienteCliente.h">
      <Filter>Archivos de encabezado</Filter>
    </ClInclude>
    <ClInclude Include="OpcionesFacturacionFacturacion.h">
      <Filter>Archivos de encabezado</Filter>
    </ClInclude>
    <ClInclude Include="OpcionesClinicaTratamiento.h">
      <Filter>Archivos de encabezado</Filter>
    </ClInclude>
    <ClInclude Include="ArbolBB.h">
      <Filter>Archivos de encabezado</Filter>
    </ClInclude>
    <ClInclude Include="ArbolAVL.h">
      <Filter>Archivos de encabezado</Filter>
    </ClInclude>
    <ClInclude Include="ArbolB.h">
      <Filter>Archivos de encabezado</Filter>
    </ClInclude>
    <ClInclude Include="ArbolRN.h">
      <Filter>Archivos de encabezado</Filter>
    </ClInclude>
    <ClInclude Include="ArbolAA.h">
      <Filter>Archivos de encabezado</Filter>
    </ClInclude>
    <ClInclude Include="Cliente.h">
      <Filter>Archivos de encabezado</Filter>
    </ClInclude>
    <ClInclude Include="Sucursal.h">
      <Filter>Archivos de encabezado</Filter>
    </ClInclude>
    <ClInclude Include="NodoAVL.h">
      <Filter>Archivos de encabezado</Filter>
    </ClInclude>
    <ClInclude Include="NodoAA.h">
      <Filter>Archivos de encabezado</Filter>
    </ClInclude>
    <ClInclude Include="NodoB.h">
      <Filter>Archivos de encabezado</Filter>
    </ClInclude>
    <ClInclude Include="NodoBB.h">
      <Filter>Archivos de encabezado</Filter>
    </ClInclude>
    <ClInclude Include="NodoRN.h">
      <Filter>Archivos de encabezado</Filter>
    </ClInclude>
    <ClInclude Include="Tienda.h">
      <Filter>Archivos de encabezado</Filter>
    </ClInclude>
  </ItemGroup>
  <ItemGroup>
    <Image Include="..\imagenes\lugares.jpg">
      <Filter>Archivos de recursos</Filter>
    </Image>
    <Image Include="..\imagenes\cliente.jpg">
      <Filter>Archivos de recursos</Filter>
    </Image>
    <Image Include="..\imagenes\clinica.jpg">
      <Filter>Archivos de recursos</Filter>
    </Image>
    <Image Include="..\imagenes\sucursales.jpg">
      <Filter>Archivos de recursos</Filter>
    </Image>
    <Image Include="..\imagenes\facturacion.png">
      <Filter>Archivos de recursos</Filter>
    </Image>
    <Image Include="..\imagenes\veterinariaSuli.png">
      <Filter>Archivos de recursos</Filter>
    </Image>
    <Image Include="..\imagenes\ciudad.png">
      <Filter>Archivos de recursos</Filter>
    </Image>
    <Image Include="..\imagenes\descuento.jpg">
      <Filter>Archivos de recursos</Filter>
    </Image>
    <Image Include="..\imagenes\cliente2.png">
      <Filter>Archivos de recursos</Filter>
    </Image>
    <Image Include="..\imagenes\correo.png">
      <Filter>Archivos de recursos</Filter>
    </Image>
    <Image Include="..\imagenes\facturacion2.png">
      <Filter>Archivos de recursos</Filter>
    </Image>
    <Image Include="..\imagenes\instagram.jpg">
      <Filter>Archivos de recursos</Filter>
    </Image>
    <Image Include="..\imagenes\mascotas.png">
      <Filter>Archivos de recursos</Filter>
    </Image>
    <Image Include="..\imagenes\medicacion.png">
      <Filter>Archivos de recursos</Filter>
    </Image>
    <Image Include="..\imagenes\pais.png">
      <Filter>Archivos de recursos</Filter>
    </Image>
    <Image Include="..\imagenes\saldo.jpg">
      <Filter>Archivos de recursos</Filter>
    </Image>
    <Image Include="..\imagenes\telefono.jpg">
      <Filter>Archivos de recursos</Filter>
    </Image>
    <Image Include="..\imagenes\tikTok.png">
      <Filter>Archivos de recursos</Filter>
    </Image>
    <Image Include="..\imagenes\tratamiento.png">
      <Filter>Archivos de recursos</Filter>
    </Image>
    <Image Include="..\imagenes\visita.png">
      <Filter>Archivos de recursos</Filter>
    </Image>
    <Image Include="..\imagenes\whatsapp.png">
      <Filter>Archivos de recursos</Filter>
    </Image>
  </ItemGroup>
  <ItemGroup>
    <Text Include="..\..\..\..\..\..\..\..\..\Downloads\Ciudades.txt" />
    <Text Include="..\..\..\..\..\..\..\..\..\Downloads\Clientes.txt" />
    <Text Include="..\..\..\..\..\..\..\..\..\Downloads\Distancias1.txt" />
    <Text Include="..\..\..\..\..\..\..\..\..\Downloads\Distancias2.txt" />
    <Text Include="..\..\..\..\..\..\..\..\..\Downloads\Mascotas.txt" />
    <Text Include="..\..\..\..\..\..\..\..\..\Downloads\Medicacion.txt" />
    <Text Include="..\..\..\..\..\..\..\..\..\Downloads\Paises.txt" />
    <Text Include="..\..\..\..\..\..\..\..\..\Downloads\Sucursales1.txt" />
    <Text Include="..\..\..\..\..\..\..\..\..\Downloads\Sucursales2.txt" />
    <Text Include="..\..\..\..\..\..\..\..\..\Downloads\Tratamiento.txt" />
    <Text Include="..\..\..\..\..\..\..\..\..\Downloads\Visitas.txt" />
  </ItemGroup>
</Project>